// !$*UTF8*$!
{
	archiveVersion = 1;
	classes = {
	};
	objectVersion = 51;
	objects = {

/* Begin PBXBuildFile section */
		C37C609F25612712009A93EA /* Localizable.strings in Resources */ = {isa = PBXBuildFile; fileRef = C37C609E25612712009A93EA /* Localizable.strings */; };
		C37C620B25613595009A93EA /* R.generated.swift in Sources */ = {isa = PBXBuildFile; fileRef = C37C620A25613595009A93EA /* R.generated.swift */; };
		C3A6F0D625614BA500D27BA6 /* Colors.swift in Sources */ = {isa = PBXBuildFile; fileRef = C3A6F0D525614BA500D27BA6 /* Colors.swift */; };
		C3A6F0D925614C6200D27BA6 /* Fonts.swift in Sources */ = {isa = PBXBuildFile; fileRef = C3A6F0D825614C6200D27BA6 /* Fonts.swift */; };
		C3A6F0E125614E4400D27BA6 /* MenuViewController.swift in Sources */ = {isa = PBXBuildFile; fileRef = C3A6F0DF25614E4400D27BA6 /* MenuViewController.swift */; };
		C3A6F0E225614E4400D27BA6 /* MenuViewController.xib in Resources */ = {isa = PBXBuildFile; fileRef = C3A6F0E025614E4400D27BA6 /* MenuViewController.xib */; };
		C3A6F0EA2561554F00D27BA6 /* BallType.swift in Sources */ = {isa = PBXBuildFile; fileRef = C3A6F0E92561554F00D27BA6 /* BallType.swift */; };
		C3FB273325611F0B00D8611E /* AppDelegate.swift in Sources */ = {isa = PBXBuildFile; fileRef = C3FB273225611F0B00D8611E /* AppDelegate.swift */; };
		C3FB273725611F0B00D8611E /* GameViewController.swift in Sources */ = {isa = PBXBuildFile; fileRef = C3FB273625611F0B00D8611E /* GameViewController.swift */; };
		C3FB273C25611F0C00D8611E /* Assets.xcassets in Resources */ = {isa = PBXBuildFile; fileRef = C3FB273B25611F0C00D8611E /* Assets.xcassets */; };
		C3FB273F25611F0C00D8611E /* LaunchScreen.storyboard in Resources */ = {isa = PBXBuildFile; fileRef = C3FB273D25611F0C00D8611E /* LaunchScreen.storyboard */; };
		C3FB274C2561206D00D8611E /* RootManager.swift in Sources */ = {isa = PBXBuildFile; fileRef = C3FB274B2561206D00D8611E /* RootManager.swift */; };
/* End PBXBuildFile section */

/* Begin PBXFileReference section */
		4E0063DC099420125C9C0F5C /* Pods-BrokenLost.debug.xcconfig */ = {isa = PBXFileReference; includeInIndex = 1; lastKnownFileType = text.xcconfig; name = "Pods-BrokenLost.debug.xcconfig"; path = "Target Support Files/Pods-BrokenLost/Pods-BrokenLost.debug.xcconfig"; sourceTree = "<group>"; };
		C37C609E25612712009A93EA /* Localizable.strings */ = {isa = PBXFileReference; lastKnownFileType = text.plist.strings; path = Localizable.strings; sourceTree = "<group>"; };
		C37C620A25613595009A93EA /* R.generated.swift */ = {isa = PBXFileReference; fileEncoding = 4; lastKnownFileType = sourcecode.swift; path = R.generated.swift; sourceTree = "<group>"; };
		C3A6F0D525614BA500D27BA6 /* Colors.swift */ = {isa = PBXFileReference; lastKnownFileType = sourcecode.swift; path = Colors.swift; sourceTree = "<group>"; };
		C3A6F0D825614C6200D27BA6 /* Fonts.swift */ = {isa = PBXFileReference; lastKnownFileType = sourcecode.swift; path = Fonts.swift; sourceTree = "<group>"; };
		C3A6F0DF25614E4400D27BA6 /* MenuViewController.swift */ = {isa = PBXFileReference; lastKnownFileType = sourcecode.swift; path = MenuViewController.swift; sourceTree = "<group>"; };
		C3A6F0E025614E4400D27BA6 /* MenuViewController.xib */ = {isa = PBXFileReference; lastKnownFileType = file.xib; path = MenuViewController.xib; sourceTree = "<group>"; };
		C3A6F0E92561554F00D27BA6 /* BallType.swift */ = {isa = PBXFileReference; lastKnownFileType = sourcecode.swift; path = BallType.swift; sourceTree = "<group>"; };
		C3FB272F25611F0B00D8611E /* BrokenLost.app */ = {isa = PBXFileReference; explicitFileType = wrapper.application; includeInIndex = 0; path = BrokenLost.app; sourceTree = BUILT_PRODUCTS_DIR; };
		C3FB273225611F0B00D8611E /* AppDelegate.swift */ = {isa = PBXFileReference; lastKnownFileType = sourcecode.swift; path = AppDelegate.swift; sourceTree = "<group>"; };
		C3FB273625611F0B00D8611E /* GameViewController.swift */ = {isa = PBXFileReference; lastKnownFileType = sourcecode.swift; path = GameViewController.swift; sourceTree = "<group>"; };
		C3FB273B25611F0C00D8611E /* Assets.xcassets */ = {isa = PBXFileReference; lastKnownFileType = folder.assetcatalog; path = Assets.xcassets; sourceTree = "<group>"; };
		C3FB273E25611F0C00D8611E /* Base */ = {isa = PBXFileReference; lastKnownFileType = file.storyboard; name = Base; path = Base.lproj/LaunchScreen.storyboard; sourceTree = "<group>"; };
		C3FB274025611F0C00D8611E /* Info.plist */ = {isa = PBXFileReference; lastKnownFileType = text.plist.xml; path = Info.plist; sourceTree = "<group>"; };
		C3FB274B2561206D00D8611E /* RootManager.swift */ = {isa = PBXFileReference; lastKnownFileType = sourcecode.swift; path = RootManager.swift; sourceTree = "<group>"; };
		EDEE16B223A229513049B587 /* Pods-BrokenLost.release.xcconfig */ = {isa = PBXFileReference; includeInIndex = 1; lastKnownFileType = text.xcconfig; name = "Pods-BrokenLost.release.xcconfig"; path = "Target Support Files/Pods-BrokenLost/Pods-BrokenLost.release.xcconfig"; sourceTree = "<group>"; };
/* End PBXFileReference section */

/* Begin PBXFrameworksBuildPhase section */
		C3FB272C25611F0B00D8611E /* Frameworks */ = {
			isa = PBXFrameworksBuildPhase;
			buildActionMask = 2147483647;
			files = (
			);
			runOnlyForDeploymentPostprocessing = 0;
		};
/* End PBXFrameworksBuildPhase section */

/* Begin PBXGroup section */
		0741B2A1317F0845AE2EA035 /* Frameworks */ = {
			isa = PBXGroup;
			children = (
			);
			name = Frameworks;
			sourceTree = "<group>";
		};
		82A688A5ED422849ACD699C8 /* Pods */ = {
			isa = PBXGroup;
			children = (
				4E0063DC099420125C9C0F5C /* Pods-BrokenLost.debug.xcconfig */,
				EDEE16B223A229513049B587 /* Pods-BrokenLost.release.xcconfig */,
			);
			path = Pods;
			sourceTree = "<group>";
		};
		C37C609925612659009A93EA /* Resources */ = {
			isa = PBXGroup;
			children = (
				C3FB274025611F0C00D8611E /* Info.plist */,
				C3FB273D25611F0C00D8611E /* LaunchScreen.storyboard */,
				C37C609E25612712009A93EA /* Localizable.strings */,
				C3FB273B25611F0C00D8611E /* Assets.xcassets */,
				C3A6F0D525614BA500D27BA6 /* Colors.swift */,
				C3A6F0D825614C6200D27BA6 /* Fonts.swift */,
			);
			path = Resources;
			sourceTree = "<group>";
		};
		C3A6F0DC25614E0C00D27BA6 /* Menu */ = {
			isa = PBXGroup;
			children = (
				C3A6F0DF25614E4400D27BA6 /* MenuViewController.swift */,
				C3A6F0E025614E4400D27BA6 /* MenuViewController.xib */,
			);
			path = Menu;
			sourceTree = "<group>";
		};
		C3A6F0E525614FA800D27BA6 /* Game */ = {
			isa = PBXGroup;
			children = (
				C3FB273625611F0B00D8611E /* GameViewController.swift */,
			);
			path = Game;
			sourceTree = "<group>";
		};
		C3A6F0E82561553D00D27BA6 /* Models */ = {
			isa = PBXGroup;
			children = (
				C3A6F0E92561554F00D27BA6 /* BallType.swift */,
			);
			path = Models;
			sourceTree = "<group>";
		};
		C3FB272625611F0B00D8611E = {
			isa = PBXGroup;
			children = (
				C37C620A25613595009A93EA /* R.generated.swift */,
				C3FB273125611F0B00D8611E /* BrokenLost */,
				C3FB273025611F0B00D8611E /* Products */,
				82A688A5ED422849ACD699C8 /* Pods */,
				0741B2A1317F0845AE2EA035 /* Frameworks */,
			);
			sourceTree = "<group>";
		};
		C3FB273025611F0B00D8611E /* Products */ = {
			isa = PBXGroup;
			children = (
				C3FB272F25611F0B00D8611E /* BrokenLost.app */,
			);
			name = Products;
			sourceTree = "<group>";
		};
		C3FB273125611F0B00D8611E /* BrokenLost */ = {
			isa = PBXGroup;
			children = (
				C3FB273225611F0B00D8611E /* AppDelegate.swift */,
				C3FB274B2561206D00D8611E /* RootManager.swift */,
				C3FB274825611FE000D8611E /* Screens */,
				C3A6F0E82561553D00D27BA6 /* Models */,
				C37C609925612659009A93EA /* Resources */,
			);
			path = BrokenLost;
			sourceTree = "<group>";
		};
		C3FB274825611FE000D8611E /* Screens */ = {
			isa = PBXGroup;
			children = (
				C3A6F0DC25614E0C00D27BA6 /* Menu */,
				C3A6F0E525614FA800D27BA6 /* Game */,
			);
			path = Screens;
			sourceTree = "<group>";
		};
/* End PBXGroup section */

/* Begin PBXNativeTarget section */
		C3FB272E25611F0B00D8611E /* BrokenLost */ = {
			isa = PBXNativeTarget;
			buildConfigurationList = C3FB274325611F0C00D8611E /* Build configuration list for PBXNativeTarget "BrokenLost" */;
			buildPhases = (
				CDA20B9751B79B47A9EAC142 /* [CP] Check Pods Manifest.lock */,
				C37C61D725613459009A93EA /* R.swift */,
				C3FB272B25611F0B00D8611E /* Sources */,
				C3FB272C25611F0B00D8611E /* Frameworks */,
				C3FB272D25611F0B00D8611E /* Resources */,
				C8CE3B8E94F07169B1DCC042 /* [CP] Embed Pods Frameworks */,
			);
			buildRules = (
			);
			dependencies = (
			);
			name = BrokenLost;
			productName = "Broken Lost";
			productReference = C3FB272F25611F0B00D8611E /* BrokenLost.app */;
			productType = "com.apple.product-type.application";
		};
/* End PBXNativeTarget section */

/* Begin PBXProject section */
		C3FB272725611F0B00D8611E /* Project object */ = {
			isa = PBXProject;
			attributes = {
				LastSwiftUpdateCheck = 1220;
				LastUpgradeCheck = 1220;
				TargetAttributes = {
					C3FB272E25611F0B00D8611E = {
						CreatedOnToolsVersion = 12.2;
					};
				};
			};
			buildConfigurationList = C3FB272A25611F0B00D8611E /* Build configuration list for PBXProject "BrokenLost" */;
			compatibilityVersion = "Xcode 9.3";
			developmentRegion = en;
			hasScannedForEncodings = 0;
			knownRegions = (
				en,
				Base,
			);
			mainGroup = C3FB272625611F0B00D8611E;
			productRefGroup = C3FB273025611F0B00D8611E /* Products */;
			projectDirPath = "";
			projectRoot = "";
			targets = (
				C3FB272E25611F0B00D8611E /* BrokenLost */,
			);
		};
/* End PBXProject section */

/* Begin PBXResourcesBuildPhase section */
		C3FB272D25611F0B00D8611E /* Resources */ = {
			isa = PBXResourcesBuildPhase;
			buildActionMask = 2147483647;
			files = (
				C37C609F25612712009A93EA /* Localizable.strings in Resources */,
				C3FB273F25611F0C00D8611E /* LaunchScreen.storyboard in Resources */,
				C3FB273C25611F0C00D8611E /* Assets.xcassets in Resources */,
				C3A6F0E225614E4400D27BA6 /* MenuViewController.xib in Resources */,
			);
			runOnlyForDeploymentPostprocessing = 0;
		};
/* End PBXResourcesBuildPhase section */

/* Begin PBXShellScriptBuildPhase section */
		C37C61D725613459009A93EA /* R.swift */ = {
			isa = PBXShellScriptBuildPhase;
			buildActionMask = 2147483647;
			files = (
			);
			inputFileListPaths = (
			);
			inputPaths = (
				"$TEMP_DIR/rswift-lastrun",
			);
			name = R.swift;
			outputFileListPaths = (
			);
			outputPaths = (
				$SRCROOT/R.generated.swift,
			);
			runOnlyForDeploymentPostprocessing = 0;
			shellPath = /bin/sh;
			shellScript = "\"$PODS_ROOT/R.swift/rswift\" generate \"$SRCROOT/R.generated.swift\"\n";
		};
		C8CE3B8E94F07169B1DCC042 /* [CP] Embed Pods Frameworks */ = {
			isa = PBXShellScriptBuildPhase;
			buildActionMask = 2147483647;
			files = (
			);
			inputFileListPaths = (
				"${PODS_ROOT}/Target Support Files/Pods-BrokenLost/Pods-BrokenLost-frameworks-${CONFIGURATION}-input-files.xcfilelist",
			);
			name = "[CP] Embed Pods Frameworks";
			outputFileListPaths = (
				"${PODS_ROOT}/Target Support Files/Pods-BrokenLost/Pods-BrokenLost-frameworks-${CONFIGURATION}-output-files.xcfilelist",
			);
			runOnlyForDeploymentPostprocessing = 0;
			shellPath = /bin/sh;
			shellScript = "\"${PODS_ROOT}/Target Support Files/Pods-BrokenLost/Pods-BrokenLost-frameworks.sh\"\n";
			showEnvVarsInLog = 0;
		};
		CDA20B9751B79B47A9EAC142 /* [CP] Check Pods Manifest.lock */ = {
			isa = PBXShellScriptBuildPhase;
			buildActionMask = 2147483647;
			files = (
			);
			inputFileListPaths = (
			);
			inputPaths = (
				"${PODS_PODFILE_DIR_PATH}/Podfile.lock",
				"${PODS_ROOT}/Manifest.lock",
			);
			name = "[CP] Check Pods Manifest.lock";
			outputFileListPaths = (
			);
			outputPaths = (
				"$(DERIVED_FILE_DIR)/Pods-BrokenLost-checkManifestLockResult.txt",
			);
			runOnlyForDeploymentPostprocessing = 0;
			shellPath = /bin/sh;
			shellScript = "diff \"${PODS_PODFILE_DIR_PATH}/Podfile.lock\" \"${PODS_ROOT}/Manifest.lock\" > /dev/null\nif [ $? != 0 ] ; then\n    # print error to STDERR\n    echo \"error: The sandbox is not in sync with the Podfile.lock. Run 'pod install' or update your CocoaPods installation.\" >&2\n    exit 1\nfi\n# This output is used by Xcode 'outputs' to avoid re-running this script phase.\necho \"SUCCESS\" > \"${SCRIPT_OUTPUT_FILE_0}\"\n";
			showEnvVarsInLog = 0;
		};
/* End PBXShellScriptBuildPhase section */

/* Begin PBXSourcesBuildPhase section */
		C3FB272B25611F0B00D8611E /* Sources */ = {
			isa = PBXSourcesBuildPhase;
			buildActionMask = 2147483647;
			files = (
				C3FB273725611F0B00D8611E /* GameViewController.swift in Sources */,
				C3A6F0D625614BA500D27BA6 /* Colors.swift in Sources */,
				C3A6F0D925614C6200D27BA6 /* Fonts.swift in Sources */,
				C3FB273325611F0B00D8611E /* AppDelegate.swift in Sources */,
				C3FB274C2561206D00D8611E /* RootManager.swift in Sources */,
				C37C620B25613595009A93EA /* R.generated.swift in Sources */,
				C3A6F0EA2561554F00D27BA6 /* BallType.swift in Sources */,
				C3A6F0E125614E4400D27BA6 /* MenuViewController.swift in Sources */,
			);
			runOnlyForDeploymentPostprocessing = 0;
		};
/* End PBXSourcesBuildPhase section */

/* Begin PBXVariantGroup section */
		C3FB273D25611F0C00D8611E /* LaunchScreen.storyboard */ = {
			isa = PBXVariantGroup;
			children = (
				C3FB273E25611F0C00D8611E /* Base */,
			);
			name = LaunchScreen.storyboard;
			sourceTree = "<group>";
		};
/* End PBXVariantGroup section */

/* Begin XCBuildConfiguration section */
		C3FB274125611F0C00D8611E /* Debug */ = {
			isa = XCBuildConfiguration;
			buildSettings = {
				ALWAYS_SEARCH_USER_PATHS = NO;
				CLANG_ANALYZER_NONNULL = YES;
				CLANG_ANALYZER_NUMBER_OBJECT_CONVERSION = YES_AGGRESSIVE;
				CLANG_CXX_LANGUAGE_STANDARD = "gnu++14";
				CLANG_CXX_LIBRARY = "libc++";
				CLANG_ENABLE_MODULES = YES;
				CLANG_ENABLE_OBJC_ARC = YES;
				CLANG_ENABLE_OBJC_WEAK = YES;
				CLANG_WARN_BLOCK_CAPTURE_AUTORELEASING = YES;
				CLANG_WARN_BOOL_CONVERSION = YES;
				CLANG_WARN_COMMA = YES;
				CLANG_WARN_CONSTANT_CONVERSION = YES;
				CLANG_WARN_DEPRECATED_OBJC_IMPLEMENTATIONS = YES;
				CLANG_WARN_DIRECT_OBJC_ISA_USAGE = YES_ERROR;
				CLANG_WARN_DOCUMENTATION_COMMENTS = YES;
				CLANG_WARN_EMPTY_BODY = YES;
				CLANG_WARN_ENUM_CONVERSION = YES;
				CLANG_WARN_INFINITE_RECURSION = YES;
				CLANG_WARN_INT_CONVERSION = YES;
				CLANG_WARN_NON_LITERAL_NULL_CONVERSION = YES;
				CLANG_WARN_OBJC_IMPLICIT_RETAIN_SELF = YES;
				CLANG_WARN_OBJC_LITERAL_CONVERSION = YES;
				CLANG_WARN_OBJC_ROOT_CLASS = YES_ERROR;
				CLANG_WARN_QUOTED_INCLUDE_IN_FRAMEWORK_HEADER = YES;
				CLANG_WARN_RANGE_LOOP_ANALYSIS = YES;
				CLANG_WARN_STRICT_PROTOTYPES = YES;
				CLANG_WARN_SUSPICIOUS_MOVE = YES;
				CLANG_WARN_UNGUARDED_AVAILABILITY = YES_AGGRESSIVE;
				CLANG_WARN_UNREACHABLE_CODE = YES;
				CLANG_WARN__DUPLICATE_METHOD_MATCH = YES;
				COPY_PHASE_STRIP = NO;
				DEBUG_INFORMATION_FORMAT = dwarf;
				ENABLE_STRICT_OBJC_MSGSEND = YES;
				ENABLE_TESTABILITY = YES;
				GCC_C_LANGUAGE_STANDARD = gnu11;
				GCC_DYNAMIC_NO_PIC = NO;
				GCC_NO_COMMON_BLOCKS = YES;
				GCC_OPTIMIZATION_LEVEL = 0;
				GCC_PREPROCESSOR_DEFINITIONS = (
					"DEBUG=1",
					"$(inherited)",
				);
				GCC_WARN_64_TO_32_BIT_CONVERSION = YES;
				GCC_WARN_ABOUT_RETURN_TYPE = YES_ERROR;
				GCC_WARN_UNDECLARED_SELECTOR = YES;
				GCC_WARN_UNINITIALIZED_AUTOS = YES_AGGRESSIVE;
				GCC_WARN_UNUSED_FUNCTION = YES;
				GCC_WARN_UNUSED_VARIABLE = YES;
				IPHONEOS_DEPLOYMENT_TARGET = 12.0;
				MTL_ENABLE_DEBUG_INFO = INCLUDE_SOURCE;
				MTL_FAST_MATH = YES;
				ONLY_ACTIVE_ARCH = YES;
				SDKROOT = iphoneos;
				SWIFT_ACTIVE_COMPILATION_CONDITIONS = DEBUG;
				SWIFT_OPTIMIZATION_LEVEL = "-Onone";
			};
			name = Debug;
		};
		C3FB274225611F0C00D8611E /* Release */ = {
			isa = XCBuildConfiguration;
			buildSettings = {
				ALWAYS_SEARCH_USER_PATHS = NO;
				CLANG_ANALYZER_NONNULL = YES;
				CLANG_ANALYZER_NUMBER_OBJECT_CONVERSION = YES_AGGRESSIVE;
				CLANG_CXX_LANGUAGE_STANDARD = "gnu++14";
				CLANG_CXX_LIBRARY = "libc++";
				CLANG_ENABLE_MODULES = YES;
				CLANG_ENABLE_OBJC_ARC = YES;
				CLANG_ENABLE_OBJC_WEAK = YES;
				CLANG_WARN_BLOCK_CAPTURE_AUTORELEASING = YES;
				CLANG_WARN_BOOL_CONVERSION = YES;
				CLANG_WARN_COMMA = YES;
				CLANG_WARN_CONSTANT_CONVERSION = YES;
				CLANG_WARN_DEPRECATED_OBJC_IMPLEMENTATIONS = YES;
				CLANG_WARN_DIRECT_OBJC_ISA_USAGE = YES_ERROR;
				CLANG_WARN_DOCUMENTATION_COMMENTS = YES;
				CLANG_WARN_EMPTY_BODY = YES;
				CLANG_WARN_ENUM_CONVERSION = YES;
				CLANG_WARN_INFINITE_RECURSION = YES;
				CLANG_WARN_INT_CONVERSION = YES;
				CLANG_WARN_NON_LITERAL_NULL_CONVERSION = YES;
				CLANG_WARN_OBJC_IMPLICIT_RETAIN_SELF = YES;
				CLANG_WARN_OBJC_LITERAL_CONVERSION = YES;
				CLANG_WARN_OBJC_ROOT_CLASS = YES_ERROR;
				CLANG_WARN_QUOTED_INCLUDE_IN_FRAMEWORK_HEADER = YES;
				CLANG_WARN_RANGE_LOOP_ANALYSIS = YES;
				CLANG_WARN_STRICT_PROTOTYPES = YES;
				CLANG_WARN_SUSPICIOUS_MOVE = YES;
				CLANG_WARN_UNGUARDED_AVAILABILITY = YES_AGGRESSIVE;
				CLANG_WARN_UNREACHABLE_CODE = YES;
				CLANG_WARN__DUPLICATE_METHOD_MATCH = YES;
				COPY_PHASE_STRIP = NO;
				DEBUG_INFORMATION_FORMAT = "dwarf-with-dsym";
				ENABLE_NS_ASSERTIONS = NO;
				ENABLE_STRICT_OBJC_MSGSEND = YES;
				GCC_C_LANGUAGE_STANDARD = gnu11;
				GCC_NO_COMMON_BLOCKS = YES;
				GCC_WARN_64_TO_32_BIT_CONVERSION = YES;
				GCC_WARN_ABOUT_RETURN_TYPE = YES_ERROR;
				GCC_WARN_UNDECLARED_SELECTOR = YES;
				GCC_WARN_UNINITIALIZED_AUTOS = YES_AGGRESSIVE;
				GCC_WARN_UNUSED_FUNCTION = YES;
				GCC_WARN_UNUSED_VARIABLE = YES;
				IPHONEOS_DEPLOYMENT_TARGET = 12.0;
				MTL_ENABLE_DEBUG_INFO = NO;
				MTL_FAST_MATH = YES;
				SDKROOT = iphoneos;
				SWIFT_COMPILATION_MODE = wholemodule;
				SWIFT_OPTIMIZATION_LEVEL = "-O";
				VALIDATE_PRODUCT = YES;
			};
			name = Release;
		};
		C3FB274425611F0C00D8611E /* Debug */ = {
			isa = XCBuildConfiguration;
			baseConfigurationReference = 4E0063DC099420125C9C0F5C /* Pods-BrokenLost.debug.xcconfig */;
			buildSettings = {
				ASSETCATALOG_COMPILER_APPICON_NAME = AppIcon;
				ASSETCATALOG_COMPILER_GLOBAL_ACCENT_COLOR_NAME = AccentColor;
				CODE_SIGN_STYLE = Automatic;
				DEVELOPMENT_TEAM = 3RF6BSH4ZX;
				INFOPLIST_FILE = BrokenLost/Resources/Info.plist;
				IPHONEOS_DEPLOYMENT_TARGET = 12.0;
				LD_RUNPATH_SEARCH_PATHS = (
					"$(inherited)",
					"@executable_path/Frameworks",
				);
				PRODUCT_BUNDLE_IDENTIFIER = "com.stolenaedine.Broken-Lost";
				PRODUCT_NAME = "$(TARGET_NAME)";
				SWIFT_VERSION = 5.0;
				TARGETED_DEVICE_FAMILY = "1,2";
			};
			name = Debug;
		};
		C3FB274525611F0C00D8611E /* Release */ = {
			isa = XCBuildConfiguration;
			baseConfigurationReference = EDEE16B223A229513049B587 /* Pods-BrokenLost.release.xcconfig */;
			buildSettings = {
				ASSETCATALOG_COMPILER_APPICON_NAME = AppIcon;
				ASSETCATALOG_COMPILER_GLOBAL_ACCENT_COLOR_NAME = AccentColor;
				CODE_SIGN_STYLE = Automatic;
				DEVELOPMENT_TEAM = 3RF6BSH4ZX;
				INFOPLIST_FILE = BrokenLost/Resources/Info.plist;
				IPHONEOS_DEPLOYMENT_TARGET = 12.0;
				LD_RUNPATH_SEARCH_PATHS = (
					"$(inherited)",
					"@executable_path/Frameworks",
				);
				PRODUCT_BUNDLE_IDENTIFIER = "com.stolenaedine.Broken-Lost";
				PRODUCT_NAME = "$(TARGET_NAME)";
				SWIFT_VERSION = 5.0;
				TARGETED_DEVICE_FAMILY = "1,2";
			};
			name = Release;
		};
/* End XCBuildConfiguration section */

/* Begin XCConfigurationList section */
		C3FB272A25611F0B00D8611E /* Build configuration list for PBXProject "BrokenLost" */ = {
			isa = XCConfigurationList;
			buildConfigurations = (
				C3FB274125611F0C00D8611E /* Debug */,
				C3FB274225611F0C00D8611E /* Release */,
			);
			defaultConfigurationIsVisible = 0;
			defaultConfigurationName = Release;
		};
		C3FB274325611F0C00D8611E /* Build configuration list for PBXNativeTarget "BrokenLost" */ = {
			isa = XCConfigurationList;
			buildConfigurations = (
				C3FB274425611F0C00D8611E /* Debug */,
				C3FB274525611F0C00D8611E /* Release */,
			);
			defaultConfigurationIsVisible = 0;
			defaultConfigurationName = Release;
		};
/* End XCConfigurationList section */
	};
	rootObject = C3FB272725611F0B00D8611E /* Project object */;
}
